
Microsoft Visual Studio Solution File, Format Version 12.00
# Visual Studio Version 17
VisualStudioVersion = 17.2.32519.379
MinimumVisualStudioVersion = 10.0.40219.1
Project("{FAE04EC0-301F-11D3-BF4B-00C04F79EFBC}") = "Classe12", "Classe12\Classe12.csproj", "{FE7C2F0E-C879-44E6-8A3E-5B9A6DCF2899}"
EndProject
Global
	GlobalSection(SolutionConfigurationPlatforms) = preSolution
		Debug|Any CPU = Debug|Any CPU
		Release|Any CPU = Release|Any CPU
	EndGlobalSection
	GlobalSection(ProjectConfigurationPlatforms) = postSolution
		{FE7C2F0E-C879-44E6-8A3E-5B9A6DCF2899}.Debug|Any CPU.ActiveCfg = Debug|Any CPU
		{FE7C2F0E-C879-44E6-8A3E-5B9A6DCF2899}.Debug|Any CPU.Build.0 = Debug|Any CPU
		{FE7C2F0E-C879-44E6-8A3E-5B9A6DCF2899}.Release|Any CPU.ActiveCfg = Release|Any CPU
		{FE7C2F0E-C879-44E6-8A3E-5B9A6DCF2899}.Release|Any CPU.Build.0 = Release|Any CPU
	EndGlobalSection
	GlobalSection(SolutionProperties) = preSolution
		HideSolutionNode = FALSE
	EndGlobalSection
	GlobalSection(ExtensibilityGlobals) = postSolution
		SolutionGuid = {B3FC3C06-4A8B-4030-A827-717ADD17F59A}
	EndGlobalSection
EndGlobal
